
Microsoft Visual Studio Solution File, Format Version 12.00
# Visual Studio 2013
VisualStudioVersion = 12.0.31101.0
MinimumVisualStudioVersion = 10.0.40219.1
Project("{FAE04EC0-301F-11D3-BF4B-00C04F79EFBC}") = "Designer", "Designer\Designer.csproj", "{B1650CC2-3463-4516-A048-A19F07CD2EC4}"
EndProject
Global
	GlobalSection(TeamFoundationVersionControl) = preSolution
		SccNumberOfProjects = 2
		SccEnterpriseProvider = {4CA58AB2-18FA-4F8D-95D4-32DDF27D184C}
		SccTeamFoundationServer = https://quadspinner.visualstudio.com/defaultcollection
		SccLocalPath0 = .
		SccProjectUniqueName1 = Designer\\Designer.csproj
		SccProjectName1 = Designer
		SccLocalPath1 = Designer
	EndGlobalSection
	GlobalSection(SolutionConfigurationPlatforms) = preSolution
		Debug|Any CPU = Debug|Any CPU
		Release|Any CPU = Release|Any CPU
	EndGlobalSection
	GlobalSection(ProjectConfigurationPlatforms) = postSolution
		{B1650CC2-3463-4516-A048-A19F07CD2EC4}.Debug|Any CPU.ActiveCfg = Debug|Any CPU
		{B1650CC2-3463-4516-A048-A19F07CD2EC4}.Debug|Any CPU.Build.0 = Debug|Any CPU
		{B1650CC2-3463-4516-A048-A19F07CD2EC4}.Release|Any CPU.ActiveCfg = Release|Any CPU
		{B1650CC2-3463-4516-A048-A19F07CD2EC4}.Release|Any CPU.Build.0 = Release|Any CPU
	EndGlobalSection
	GlobalSection(SolutionProperties) = preSolution
		HideSolutionNode = FALSE
	EndGlobalSection
EndGlobal
