
Microsoft Visual Studio Solution File, Format Version 11.00
# Visual Studio 2010
Project("{FAE04EC0-301F-11D3-BF4B-00C04F79EFBC}") = "GeminiSampleProject", "GeminiSampleProject\GeminiSampleProject.csproj", "{72caef7a-5d43-45f8-a3ec-041186382683}"
EndProject
Global
	GlobalSection(SolutionConfigurationPlatforms) = preSolution
		Debug|Any CPU = Debug|Any CPU
		Release|Any CPU = Release|Any CPU
	EndGlobalSection
	GlobalSection(ProjectConfigurationPlatforms) = postSolution
		{72CAEF7A-5D43-45F8-A3EC-041186382683}.Debug|Any CPU.ActiveCfg = Debug|Any CPU
		{72CAEF7A-5D43-45F8-A3EC-041186382683}.Debug|Any CPU.Build.0 = Debug|Any CPU
		{72CAEF7A-5D43-45F8-A3EC-041186382683}.Release|Any CPU.ActiveCfg = Release|Any CPU
		{72CAEF7A-5D43-45F8-A3EC-041186382683}.Release|Any CPU.Build.0 = Release|Any CPU
	EndGlobalSection
EndGlobal
